
Microsoft Visual Studio Solution File, Format Version 12.00
# Visual Studio Version 17
VisualStudioVersion = 17.6.33815.320
MinimumVisualStudioVersion = 10.0.40219.1
Project("{FAE04EC0-301F-11D3-BF4B-00C04F79EFBC}") = "sinemasatis", "sinemasatis\sinemasatis.csproj", "{F39E1F86-69ED-4014-920A-6591D8506A67}"
EndProject
Global
	GlobalSection(SolutionConfigurationPlatforms) = preSolution
		Debug|Any CPU = Debug|Any CPU
		Release|Any CPU = Release|Any CPU
	EndGlobalSection
	GlobalSection(ProjectConfigurationPlatforms) = postSolution
		{F39E1F86-69ED-4014-920A-6591D8506A67}.Debug|Any CPU.ActiveCfg = Debug|Any CPU
		{F39E1F86-69ED-4014-920A-6591D8506A67}.Debug|Any CPU.Build.0 = Debug|Any CPU
		{F39E1F86-69ED-4014-920A-6591D8506A67}.Release|Any CPU.ActiveCfg = Release|Any CPU
		{F39E1F86-69ED-4014-920A-6591D8506A67}.Release|Any CPU.Build.0 = Release|Any CPU
	EndGlobalSection
	GlobalSection(SolutionProperties) = preSolution
		HideSolutionNode = FALSE
	EndGlobalSection
	GlobalSection(ExtensibilityGlobals) = postSolution
		SolutionGuid = {7A3B5630-EFF8-4210-AF0A-A117D2392CAB}
	EndGlobalSection
EndGlobal
